
Microsoft Visual Studio Solution File, Format Version 12.00
# Visual Studio Version 17
VisualStudioVersion = 17.8.34511.84
MinimumVisualStudioVersion = 10.0.40219.1
Project("{8BC9CEB8-8B4A-11D0-8D11-00A0C91BC942}") = "5-2 INSERT BEGINING", "5-2 INSERT BEGINING.vcxproj", "{AB043108-A884-440C-A06E-4F22EA1BE6F4}"
EndProject
Global
	GlobalSection(SolutionConfigurationPlatforms) = preSolution
		Debug|x64 = Debug|x64
		Debug|x86 = Debug|x86
		Release|x64 = Release|x64
		Release|x86 = Release|x86
	EndGlobalSection
	GlobalSection(ProjectConfigurationPlatforms) = postSolution
		{AB043108-A884-440C-A06E-4F22EA1BE6F4}.Debug|x64.ActiveCfg = Debug|x64
		{AB043108-A884-440C-A06E-4F22EA1BE6F4}.Debug|x64.Build.0 = Debug|x64
		{AB043108-A884-440C-A06E-4F22EA1BE6F4}.Debug|x86.ActiveCfg = Debug|Win32
		{AB043108-A884-440C-A06E-4F22EA1BE6F4}.Debug|x86.Build.0 = Debug|Win32
		{AB043108-A884-440C-A06E-4F22EA1BE6F4}.Release|x64.ActiveCfg = Release|x64
		{AB043108-A884-440C-A06E-4F22EA1BE6F4}.Release|x64.Build.0 = Release|x64
		{AB043108-A884-440C-A06E-4F22EA1BE6F4}.Release|x86.ActiveCfg = Release|Win32
		{AB043108-A884-440C-A06E-4F22EA1BE6F4}.Release|x86.Build.0 = Release|Win32
	EndGlobalSection
	GlobalSection(SolutionProperties) = preSolution
		HideSolutionNode = FALSE
	EndGlobalSection
	GlobalSection(ExtensibilityGlobals) = postSolution
		SolutionGuid = {4774195A-F2AA-4CED-A91D-EFAF67C707EB}
	EndGlobalSection
EndGlobal
